
Microsoft Visual Studio Solution File, Format Version 12.00
# Visual Studio Version 16
VisualStudioVersion = 16.0.30114.105
MinimumVisualStudioVersion = 10.0.40219.1
Project("{2150E333-8FDC-42A3-9474-1A3956D46DE8}") = "src", "src", "{74DB05CC-2F0D-4A52-AD47-654F085CC535}"
EndProject
Project("{FAE04EC0-301F-11D3-BF4B-00C04F79EFBC}") = "SeedLang", "src\SeedLang\SeedLang.csproj", "{8BE21D1C-BDE2-41C9-AEB9-3E1B27E23E55}"
EndProject
Project("{FAE04EC0-301F-11D3-BF4B-00C04F79EFBC}") = "SeedLang.Ast", "src\SeedLang.Ast\SeedLang.Ast.csproj", "{5C049658-7185-436A-8178-2D9B5834A99F}"
EndProject
Project("{FAE04EC0-301F-11D3-BF4B-00C04F79EFBC}") = "SeedLang.Block", "src\SeedLang.Block\SeedLang.Block.csproj", "{BBACB7F3-8A8B-42C3-B993-0D831D42D4E1}"
EndProject
Project("{FAE04EC0-301F-11D3-BF4B-00C04F79EFBC}") = "SeedLang.VM", "src\SeedLang.VM\SeedLang.VM.csproj", "{426A2238-C54D-4AC0-B7C2-65A5845303A2}"
EndProject
Project("{FAE04EC0-301F-11D3-BF4B-00C04F79EFBC}") = "SeedLang.X", "src\SeedLang.X\SeedLang.X.csproj", "{F1D50654-B56C-49D4-BFCE-CFBF949DFFC7}"
EndProject
Project("{2150E333-8FDC-42A3-9474-1A3956D46DE8}") = "tests", "tests", "{DE0CB09B-B851-4883-9C4A-6CECE65C38D0}"
EndProject
Project("{FAE04EC0-301F-11D3-BF4B-00C04F79EFBC}") = "SeedLang.Ast.Tests", "tests\SeedLang.Ast.Tests\SeedLang.Ast.Tests.csproj", "{D69EFECB-BE57-4C5A-8AEF-256C3785EA8B}"
EndProject
Project("{FAE04EC0-301F-11D3-BF4B-00C04F79EFBC}") = "SeedLang.Block.Tests", "tests\SeedLang.Block.Tests\SeedLang.Block.Tests.csproj", "{760A0D9D-B653-447E-8B31-1612E9C51460}"
EndProject
Project("{FAE04EC0-301F-11D3-BF4B-00C04F79EFBC}") = "SeedLang.VM.Tests", "tests\SeedLang.VM.Tests\SeedLang.VM.Tests.csproj", "{A7E02070-7A9E-4158-B172-47ED0D1448FF}"
EndProject
Project("{FAE04EC0-301F-11D3-BF4B-00C04F79EFBC}") = "SeedLang.X.Tests", "tests\SeedLang.X.Tests\SeedLang.X.Tests.csproj", "{5F77BBA2-7D34-4F40-8144-8F35002C63BA}"
EndProject
Project("{FAE04EC0-301F-11D3-BF4B-00C04F79EFBC}") = "SeedLang.Common", "src\SeedLang.Common\SeedLang.Common.csproj", "{C25A647C-46E7-44B0-BF24-B84A35F5044E}"
EndProject
Project("{FAE04EC0-301F-11D3-BF4B-00C04F79EFBC}") = "SeedLang.Common.Tests", "tests\SeedLang.Common.Tests\SeedLang.Common.Tests.csproj", "{4395233E-8BDB-46D5-9B97-2650A460548F}"
EndProject
Project("{FAE04EC0-301F-11D3-BF4B-00C04F79EFBC}") = "SeedLang.Shell", "src\SeedLang.Shell\SeedLang.Shell.csproj", "{FB520AC4-DD7C-4EEB-B6A8-560EA9324F61}"
EndProject
Project("{FAE04EC0-301F-11D3-BF4B-00C04F79EFBC}") = "SeedLang.Runtime.Tests", "tests\SeedLang.Runtime.Tests\SeedLang.Runtime.Tests.csproj", "{19C9DF5D-6F5C-43B7-8141-F9A3242FFB0E}"
EndProject
Global
	GlobalSection(SolutionConfigurationPlatforms) = preSolution
		Debug|Any CPU = Debug|Any CPU
		Debug|x64 = Debug|x64
		Debug|x86 = Debug|x86
		Release|Any CPU = Release|Any CPU
		Release|x64 = Release|x64
		Release|x86 = Release|x86
	EndGlobalSection
	GlobalSection(SolutionProperties) = preSolution
		HideSolutionNode = FALSE
	EndGlobalSection
	GlobalSection(ProjectConfigurationPlatforms) = postSolution
		{8BE21D1C-BDE2-41C9-AEB9-3E1B27E23E55}.Debug|Any CPU.ActiveCfg = Debug|Any CPU
		{8BE21D1C-BDE2-41C9-AEB9-3E1B27E23E55}.Debug|Any CPU.Build.0 = Debug|Any CPU
		{8BE21D1C-BDE2-41C9-AEB9-3E1B27E23E55}.Debug|x64.ActiveCfg = Debug|Any CPU
		{8BE21D1C-BDE2-41C9-AEB9-3E1B27E23E55}.Debug|x64.Build.0 = Debug|Any CPU
		{8BE21D1C-BDE2-41C9-AEB9-3E1B27E23E55}.Debug|x86.ActiveCfg = Debug|Any CPU
		{8BE21D1C-BDE2-41C9-AEB9-3E1B27E23E55}.Debug|x86.Build.0 = Debug|Any CPU
		{8BE21D1C-BDE2-41C9-AEB9-3E1B27E23E55}.Release|Any CPU.ActiveCfg = Release|Any CPU
		{8BE21D1C-BDE2-41C9-AEB9-3E1B27E23E55}.Release|Any CPU.Build.0 = Release|Any CPU
		{8BE21D1C-BDE2-41C9-AEB9-3E1B27E23E55}.Release|x64.ActiveCfg = Release|Any CPU
		{8BE21D1C-BDE2-41C9-AEB9-3E1B27E23E55}.Release|x64.Build.0 = Release|Any CPU
		{8BE21D1C-BDE2-41C9-AEB9-3E1B27E23E55}.Release|x86.ActiveCfg = Release|Any CPU
		{8BE21D1C-BDE2-41C9-AEB9-3E1B27E23E55}.Release|x86.Build.0 = Release|Any CPU
		{5C049658-7185-436A-8178-2D9B5834A99F}.Debug|Any CPU.ActiveCfg = Debug|Any CPU
		{5C049658-7185-436A-8178-2D9B5834A99F}.Debug|Any CPU.Build.0 = Debug|Any CPU
		{5C049658-7185-436A-8178-2D9B5834A99F}.Debug|x64.ActiveCfg = Debug|Any CPU
		{5C049658-7185-436A-8178-2D9B5834A99F}.Debug|x64.Build.0 = Debug|Any CPU
		{5C049658-7185-436A-8178-2D9B5834A99F}.Debug|x86.ActiveCfg = Debug|Any CPU
		{5C049658-7185-436A-8178-2D9B5834A99F}.Debug|x86.Build.0 = Debug|Any CPU
		{5C049658-7185-436A-8178-2D9B5834A99F}.Release|Any CPU.ActiveCfg = Release|Any CPU
		{5C049658-7185-436A-8178-2D9B5834A99F}.Release|Any CPU.Build.0 = Release|Any CPU
		{5C049658-7185-436A-8178-2D9B5834A99F}.Release|x64.ActiveCfg = Release|Any CPU
		{5C049658-7185-436A-8178-2D9B5834A99F}.Release|x64.Build.0 = Release|Any CPU
		{5C049658-7185-436A-8178-2D9B5834A99F}.Release|x86.ActiveCfg = Release|Any CPU
		{5C049658-7185-436A-8178-2D9B5834A99F}.Release|x86.Build.0 = Release|Any CPU
		{BBACB7F3-8A8B-42C3-B993-0D831D42D4E1}.Debug|Any CPU.ActiveCfg = Debug|Any CPU
		{BBACB7F3-8A8B-42C3-B993-0D831D42D4E1}.Debug|Any CPU.Build.0 = Debug|Any CPU
		{BBACB7F3-8A8B-42C3-B993-0D831D42D4E1}.Debug|x64.ActiveCfg = Debug|Any CPU
		{BBACB7F3-8A8B-42C3-B993-0D831D42D4E1}.Debug|x64.Build.0 = Debug|Any CPU
		{BBACB7F3-8A8B-42C3-B993-0D831D42D4E1}.Debug|x86.ActiveCfg = Debug|Any CPU
		{BBACB7F3-8A8B-42C3-B993-0D831D42D4E1}.Debug|x86.Build.0 = Debug|Any CPU
		{BBACB7F3-8A8B-42C3-B993-0D831D42D4E1}.Release|Any CPU.ActiveCfg = Release|Any CPU
		{BBACB7F3-8A8B-42C3-B993-0D831D42D4E1}.Release|Any CPU.Build.0 = Release|Any CPU
		{BBACB7F3-8A8B-42C3-B993-0D831D42D4E1}.Release|x64.ActiveCfg = Release|Any CPU
		{BBACB7F3-8A8B-42C3-B993-0D831D42D4E1}.Release|x64.Build.0 = Release|Any CPU
		{BBACB7F3-8A8B-42C3-B993-0D831D42D4E1}.Release|x86.ActiveCfg = Release|Any CPU
		{BBACB7F3-8A8B-42C3-B993-0D831D42D4E1}.Release|x86.Build.0 = Release|Any CPU
		{426A2238-C54D-4AC0-B7C2-65A5845303A2}.Debug|Any CPU.ActiveCfg = Debug|Any CPU
		{426A2238-C54D-4AC0-B7C2-65A5845303A2}.Debug|Any CPU.Build.0 = Debug|Any CPU
		{426A2238-C54D-4AC0-B7C2-65A5845303A2}.Debug|x64.ActiveCfg = Debug|Any CPU
		{426A2238-C54D-4AC0-B7C2-65A5845303A2}.Debug|x64.Build.0 = Debug|Any CPU
		{426A2238-C54D-4AC0-B7C2-65A5845303A2}.Debug|x86.ActiveCfg = Debug|Any CPU
		{426A2238-C54D-4AC0-B7C2-65A5845303A2}.Debug|x86.Build.0 = Debug|Any CPU
		{426A2238-C54D-4AC0-B7C2-65A5845303A2}.Release|Any CPU.ActiveCfg = Release|Any CPU
		{426A2238-C54D-4AC0-B7C2-65A5845303A2}.Release|Any CPU.Build.0 = Release|Any CPU
		{426A2238-C54D-4AC0-B7C2-65A5845303A2}.Release|x64.ActiveCfg = Release|Any CPU
		{426A2238-C54D-4AC0-B7C2-65A5845303A2}.Release|x64.Build.0 = Release|Any CPU
		{426A2238-C54D-4AC0-B7C2-65A5845303A2}.Release|x86.ActiveCfg = Release|Any CPU
		{426A2238-C54D-4AC0-B7C2-65A5845303A2}.Release|x86.Build.0 = Release|Any CPU
		{F1D50654-B56C-49D4-BFCE-CFBF949DFFC7}.Debug|Any CPU.ActiveCfg = Debug|Any CPU
		{F1D50654-B56C-49D4-BFCE-CFBF949DFFC7}.Debug|Any CPU.Build.0 = Debug|Any CPU
		{F1D50654-B56C-49D4-BFCE-CFBF949DFFC7}.Debug|x64.ActiveCfg = Debug|Any CPU
		{F1D50654-B56C-49D4-BFCE-CFBF949DFFC7}.Debug|x64.Build.0 = Debug|Any CPU
		{F1D50654-B56C-49D4-BFCE-CFBF949DFFC7}.Debug|x86.ActiveCfg = Debug|Any CPU
		{F1D50654-B56C-49D4-BFCE-CFBF949DFFC7}.Debug|x86.Build.0 = Debug|Any CPU
		{F1D50654-B56C-49D4-BFCE-CFBF949DFFC7}.Release|Any CPU.ActiveCfg = Release|Any CPU
		{F1D50654-B56C-49D4-BFCE-CFBF949DFFC7}.Release|Any CPU.Build.0 = Release|Any CPU
		{F1D50654-B56C-49D4-BFCE-CFBF949DFFC7}.Release|x64.ActiveCfg = Release|Any CPU
		{F1D50654-B56C-49D4-BFCE-CFBF949DFFC7}.Release|x64.Build.0 = Release|Any CPU
		{F1D50654-B56C-49D4-BFCE-CFBF949DFFC7}.Release|x86.ActiveCfg = Release|Any CPU
		{F1D50654-B56C-49D4-BFCE-CFBF949DFFC7}.Release|x86.Build.0 = Release|Any CPU
		{D69EFECB-BE57-4C5A-8AEF-256C3785EA8B}.Debug|Any CPU.ActiveCfg = Debug|Any CPU
		{D69EFECB-BE57-4C5A-8AEF-256C3785EA8B}.Debug|Any CPU.Build.0 = Debug|Any CPU
		{D69EFECB-BE57-4C5A-8AEF-256C3785EA8B}.Debug|x64.ActiveCfg = Debug|Any CPU
		{D69EFECB-BE57-4C5A-8AEF-256C3785EA8B}.Debug|x64.Build.0 = Debug|Any CPU
		{D69EFECB-BE57-4C5A-8AEF-256C3785EA8B}.Debug|x86.ActiveCfg = Debug|Any CPU
		{D69EFECB-BE57-4C5A-8AEF-256C3785EA8B}.Debug|x86.Build.0 = Debug|Any CPU
		{D69EFECB-BE57-4C5A-8AEF-256C3785EA8B}.Release|Any CPU.ActiveCfg = Release|Any CPU
		{D69EFECB-BE57-4C5A-8AEF-256C3785EA8B}.Release|Any CPU.Build.0 = Release|Any CPU
		{D69EFECB-BE57-4C5A-8AEF-256C3785EA8B}.Release|x64.ActiveCfg = Release|Any CPU
		{D69EFECB-BE57-4C5A-8AEF-256C3785EA8B}.Release|x64.Build.0 = Release|Any CPU
		{D69EFECB-BE57-4C5A-8AEF-256C3785EA8B}.Release|x86.ActiveCfg = Release|Any CPU
		{D69EFECB-BE57-4C5A-8AEF-256C3785EA8B}.Release|x86.Build.0 = Release|Any CPU
		{A7E02070-7A9E-4158-B172-47ED0D1448FF}.Debug|Any CPU.ActiveCfg = Debug|Any CPU
		{A7E02070-7A9E-4158-B172-47ED0D1448FF}.Debug|Any CPU.Build.0 = Debug|Any CPU
		{A7E02070-7A9E-4158-B172-47ED0D1448FF}.Debug|x64.ActiveCfg = Debug|Any CPU
		{A7E02070-7A9E-4158-B172-47ED0D1448FF}.Debug|x64.Build.0 = Debug|Any CPU
		{A7E02070-7A9E-4158-B172-47ED0D1448FF}.Debug|x86.ActiveCfg = Debug|Any CPU
		{A7E02070-7A9E-4158-B172-47ED0D1448FF}.Debug|x86.Build.0 = Debug|Any CPU
		{A7E02070-7A9E-4158-B172-47ED0D1448FF}.Release|Any CPU.ActiveCfg = Release|Any CPU
		{A7E02070-7A9E-4158-B172-47ED0D1448FF}.Release|Any CPU.Build.0 = Release|Any CPU
		{A7E02070-7A9E-4158-B172-47ED0D1448FF}.Release|x64.ActiveCfg = Release|Any CPU
		{A7E02070-7A9E-4158-B172-47ED0D1448FF}.Release|x64.Build.0 = Release|Any CPU
		{A7E02070-7A9E-4158-B172-47ED0D1448FF}.Release|x86.ActiveCfg = Release|Any CPU
		{A7E02070-7A9E-4158-B172-47ED0D1448FF}.Release|x86.Build.0 = Release|Any CPU
		{5F77BBA2-7D34-4F40-8144-8F35002C63BA}.Debug|Any CPU.ActiveCfg = Debug|Any CPU
		{5F77BBA2-7D34-4F40-8144-8F35002C63BA}.Debug|Any CPU.Build.0 = Debug|Any CPU
		{5F77BBA2-7D34-4F40-8144-8F35002C63BA}.Debug|x64.ActiveCfg = Debug|Any CPU
		{5F77BBA2-7D34-4F40-8144-8F35002C63BA}.Debug|x64.Build.0 = Debug|Any CPU
		{5F77BBA2-7D34-4F40-8144-8F35002C63BA}.Debug|x86.ActiveCfg = Debug|Any CPU
		{5F77BBA2-7D34-4F40-8144-8F35002C63BA}.Debug|x86.Build.0 = Debug|Any CPU
		{5F77BBA2-7D34-4F40-8144-8F35002C63BA}.Release|Any CPU.ActiveCfg = Release|Any CPU
		{5F77BBA2-7D34-4F40-8144-8F35002C63BA}.Release|Any CPU.Build.0 = Release|Any CPU
		{5F77BBA2-7D34-4F40-8144-8F35002C63BA}.Release|x64.ActiveCfg = Release|Any CPU
		{5F77BBA2-7D34-4F40-8144-8F35002C63BA}.Release|x64.Build.0 = Release|Any CPU
		{5F77BBA2-7D34-4F40-8144-8F35002C63BA}.Release|x86.ActiveCfg = Release|Any CPU
		{5F77BBA2-7D34-4F40-8144-8F35002C63BA}.Release|x86.Build.0 = Release|Any CPU
		{760A0D9D-B653-447E-8B31-1612E9C51460}.Debug|Any CPU.ActiveCfg = Debug|Any CPU
		{760A0D9D-B653-447E-8B31-1612E9C51460}.Debug|Any CPU.Build.0 = Debug|Any CPU
		{760A0D9D-B653-447E-8B31-1612E9C51460}.Debug|x64.ActiveCfg = Debug|Any CPU
		{760A0D9D-B653-447E-8B31-1612E9C51460}.Debug|x64.Build.0 = Debug|Any CPU
		{760A0D9D-B653-447E-8B31-1612E9C51460}.Debug|x86.ActiveCfg = Debug|Any CPU
		{760A0D9D-B653-447E-8B31-1612E9C51460}.Debug|x86.Build.0 = Debug|Any CPU
		{760A0D9D-B653-447E-8B31-1612E9C51460}.Release|Any CPU.ActiveCfg = Release|Any CPU
		{760A0D9D-B653-447E-8B31-1612E9C51460}.Release|Any CPU.Build.0 = Release|Any CPU
		{760A0D9D-B653-447E-8B31-1612E9C51460}.Release|x64.ActiveCfg = Release|Any CPU
		{760A0D9D-B653-447E-8B31-1612E9C51460}.Release|x64.Build.0 = Release|Any CPU
		{760A0D9D-B653-447E-8B31-1612E9C51460}.Release|x86.ActiveCfg = Release|Any CPU
		{760A0D9D-B653-447E-8B31-1612E9C51460}.Release|x86.Build.0 = Release|Any CPU
		{C25A647C-46E7-44B0-BF24-B84A35F5044E}.Debug|Any CPU.ActiveCfg = Debug|Any CPU
		{C25A647C-46E7-44B0-BF24-B84A35F5044E}.Debug|Any CPU.Build.0 = Debug|Any CPU
		{C25A647C-46E7-44B0-BF24-B84A35F5044E}.Debug|x64.ActiveCfg = Debug|Any CPU
		{C25A647C-46E7-44B0-BF24-B84A35F5044E}.Debug|x64.Build.0 = Debug|Any CPU
		{C25A647C-46E7-44B0-BF24-B84A35F5044E}.Debug|x86.ActiveCfg = Debug|Any CPU
		{C25A647C-46E7-44B0-BF24-B84A35F5044E}.Debug|x86.Build.0 = Debug|Any CPU
		{C25A647C-46E7-44B0-BF24-B84A35F5044E}.Release|Any CPU.ActiveCfg = Release|Any CPU
		{C25A647C-46E7-44B0-BF24-B84A35F5044E}.Release|Any CPU.Build.0 = Release|Any CPU
		{C25A647C-46E7-44B0-BF24-B84A35F5044E}.Release|x64.ActiveCfg = Release|Any CPU
		{C25A647C-46E7-44B0-BF24-B84A35F5044E}.Release|x64.Build.0 = Release|Any CPU
		{C25A647C-46E7-44B0-BF24-B84A35F5044E}.Release|x86.ActiveCfg = Release|Any CPU
		{C25A647C-46E7-44B0-BF24-B84A35F5044E}.Release|x86.Build.0 = Release|Any CPU
		{4395233E-8BDB-46D5-9B97-2650A460548F}.Debug|Any CPU.ActiveCfg = Debug|Any CPU
		{4395233E-8BDB-46D5-9B97-2650A460548F}.Debug|Any CPU.Build.0 = Debug|Any CPU
		{4395233E-8BDB-46D5-9B97-2650A460548F}.Debug|x64.ActiveCfg = Debug|Any CPU
		{4395233E-8BDB-46D5-9B97-2650A460548F}.Debug|x64.Build.0 = Debug|Any CPU
		{4395233E-8BDB-46D5-9B97-2650A460548F}.Debug|x86.ActiveCfg = Debug|Any CPU
		{4395233E-8BDB-46D5-9B97-2650A460548F}.Debug|x86.Build.0 = Debug|Any CPU
		{4395233E-8BDB-46D5-9B97-2650A460548F}.Release|Any CPU.ActiveCfg = Release|Any CPU
		{4395233E-8BDB-46D5-9B97-2650A460548F}.Release|Any CPU.Build.0 = Release|Any CPU
		{4395233E-8BDB-46D5-9B97-2650A460548F}.Release|x64.ActiveCfg = Release|Any CPU
		{4395233E-8BDB-46D5-9B97-2650A460548F}.Release|x64.Build.0 = Release|Any CPU
		{4395233E-8BDB-46D5-9B97-2650A460548F}.Release|x86.ActiveCfg = Release|Any CPU
		{4395233E-8BDB-46D5-9B97-2650A460548F}.Release|x86.Build.0 = Release|Any CPU
		{FB520AC4-DD7C-4EEB-B6A8-560EA9324F61}.Debug|Any CPU.ActiveCfg = Debug|Any CPU
		{FB520AC4-DD7C-4EEB-B6A8-560EA9324F61}.Debug|Any CPU.Build.0 = Debug|Any CPU
		{FB520AC4-DD7C-4EEB-B6A8-560EA9324F61}.Debug|x64.ActiveCfg = Debug|Any CPU
		{FB520AC4-DD7C-4EEB-B6A8-560EA9324F61}.Debug|x64.Build.0 = Debug|Any CPU
		{FB520AC4-DD7C-4EEB-B6A8-560EA9324F61}.Debug|x86.ActiveCfg = Debug|Any CPU
		{FB520AC4-DD7C-4EEB-B6A8-560EA9324F61}.Debug|x86.Build.0 = Debug|Any CPU
		{FB520AC4-DD7C-4EEB-B6A8-560EA9324F61}.Release|Any CPU.ActiveCfg = Release|Any CPU
		{FB520AC4-DD7C-4EEB-B6A8-560EA9324F61}.Release|Any CPU.Build.0 = Release|Any CPU
		{FB520AC4-DD7C-4EEB-B6A8-560EA9324F61}.Release|x64.ActiveCfg = Release|Any CPU
		{FB520AC4-DD7C-4EEB-B6A8-560EA9324F61}.Release|x64.Build.0 = Release|Any CPU
		{FB520AC4-DD7C-4EEB-B6A8-560EA9324F61}.Release|x86.ActiveCfg = Release|Any CPU
		{FB520AC4-DD7C-4EEB-B6A8-560EA9324F61}.Release|x86.Build.0 = Release|Any CPU
		{19C9DF5D-6F5C-43B7-8141-F9A3242FFB0E}.Debug|Any CPU.ActiveCfg = Debug|Any CPU
		{19C9DF5D-6F5C-43B7-8141-F9A3242FFB0E}.Debug|Any CPU.Build.0 = Debug|Any CPU
		{19C9DF5D-6F5C-43B7-8141-F9A3242FFB0E}.Debug|x64.ActiveCfg = Debug|Any CPU
		{19C9DF5D-6F5C-43B7-8141-F9A3242FFB0E}.Debug|x64.Build.0 = Debug|Any CPU
		{19C9DF5D-6F5C-43B7-8141-F9A3242FFB0E}.Debug|x86.ActiveCfg = Debug|Any CPU
		{19C9DF5D-6F5C-43B7-8141-F9A3242FFB0E}.Debug|x86.Build.0 = Debug|Any CPU
		{19C9DF5D-6F5C-43B7-8141-F9A3242FFB0E}.Release|Any CPU.ActiveCfg = Release|Any CPU
		{19C9DF5D-6F5C-43B7-8141-F9A3242FFB0E}.Release|Any CPU.Build.0 = Release|Any CPU
		{19C9DF5D-6F5C-43B7-8141-F9A3242FFB0E}.Release|x64.ActiveCfg = Release|Any CPU
		{19C9DF5D-6F5C-43B7-8141-F9A3242FFB0E}.Release|x64.Build.0 = Release|Any CPU
		{19C9DF5D-6F5C-43B7-8141-F9A3242FFB0E}.Release|x86.ActiveCfg = Release|Any CPU
		{19C9DF5D-6F5C-43B7-8141-F9A3242FFB0E}.Release|x86.Build.0 = Release|Any CPU
	EndGlobalSection
	GlobalSection(NestedProjects) = preSolution
		{8BE21D1C-BDE2-41C9-AEB9-3E1B27E23E55} = {74DB05CC-2F0D-4A52-AD47-654F085CC535}
		{5C049658-7185-436A-8178-2D9B5834A99F} = {74DB05CC-2F0D-4A52-AD47-654F085CC535}
		{BBACB7F3-8A8B-42C3-B993-0D831D42D4E1} = {74DB05CC-2F0D-4A52-AD47-654F085CC535}
		{426A2238-C54D-4AC0-B7C2-65A5845303A2} = {74DB05CC-2F0D-4A52-AD47-654F085CC535}
		{F1D50654-B56C-49D4-BFCE-CFBF949DFFC7} = {74DB05CC-2F0D-4A52-AD47-654F085CC535}
		{D69EFECB-BE57-4C5A-8AEF-256C3785EA8B} = {DE0CB09B-B851-4883-9C4A-6CECE65C38D0}
		{A7E02070-7A9E-4158-B172-47ED0D1448FF} = {DE0CB09B-B851-4883-9C4A-6CECE65C38D0}
		{5F77BBA2-7D34-4F40-8144-8F35002C63BA} = {DE0CB09B-B851-4883-9C4A-6CECE65C38D0}
		{760A0D9D-B653-447E-8B31-1612E9C51460} = {DE0CB09B-B851-4883-9C4A-6CECE65C38D0}
		{C25A647C-46E7-44B0-BF24-B84A35F5044E} = {74DB05CC-2F0D-4A52-AD47-654F085CC535}
		{4395233E-8BDB-46D5-9B97-2650A460548F} = {DE0CB09B-B851-4883-9C4A-6CECE65C38D0}
		{FB520AC4-DD7C-4EEB-B6A8-560EA9324F61} = {74DB05CC-2F0D-4A52-AD47-654F085CC535}
		{19C9DF5D-6F5C-43B7-8141-F9A3242FFB0E} = {DE0CB09B-B851-4883-9C4A-6CECE65C38D0}
	EndGlobalSection
EndGlobal
